
Microsoft Visual Studio Solution File, Format Version 12.00
# Visual Studio Version 16
VisualStudioVersion = 16.0.31613.86
MinimumVisualStudioVersion = 10.0.40219.1
Project("{FAE04EC0-301F-11D3-BF4B-00C04F79EFBC}") = "akiwebapp1", "akiwebapp1\akiwebapp1.csproj", "{EFA8265B-5C57-447D-B276-32714F9025BD}"
EndProject
Global
	GlobalSection(SolutionConfigurationPlatforms) = preSolution
		Debug|Any CPU = Debug|Any CPU
		Release|Any CPU = Release|Any CPU
	EndGlobalSection
	GlobalSection(ProjectConfigurationPlatforms) = postSolution
		{EFA8265B-5C57-447D-B276-32714F9025BD}.Debug|Any CPU.ActiveCfg = Debug|Any CPU
		{EFA8265B-5C57-447D-B276-32714F9025BD}.Debug|Any CPU.Build.0 = Debug|Any CPU
		{EFA8265B-5C57-447D-B276-32714F9025BD}.Release|Any CPU.ActiveCfg = Release|Any CPU
		{EFA8265B-5C57-447D-B276-32714F9025BD}.Release|Any CPU.Build.0 = Release|Any CPU
	EndGlobalSection
	GlobalSection(SolutionProperties) = preSolution
		HideSolutionNode = FALSE
	EndGlobalSection
	GlobalSection(ExtensibilityGlobals) = postSolution
		SolutionGuid = {570AF9DB-C9AE-449B-97D8-3B4FA4B960F6}
	EndGlobalSection
EndGlobal
